# @generated - this file is auto-generated by `mise lock` https://mise.jdx.dev/dev-tools/mise-lock.html

[[tools.gcloud]]
version = "565.0.0"
backend = "vfox:mise-plugins/vfox-gcloud"

[tools.gcloud."platforms.linux-arm64"]
url = "https://storage.googleapis.com/cloud-sdk-release/google-cloud-sdk-565.0.0-linux-arm.tar.gz"

[tools.gcloud."platforms.linux-arm64-musl"]
url = "https://storage.googleapis.com/cloud-sdk-release/google-cloud-sdk-565.0.0-linux-arm.tar.gz"

[tools.gcloud."platforms.linux-x64"]
url = "https://storage.googleapis.com/cloud-sdk-release/google-cloud-sdk-565.0.0-linux-x86_64.tar.gz"

[tools.gcloud."platforms.linux-x64-musl"]
url = "https://storage.googleapis.com/cloud-sdk-release/google-cloud-sdk-565.0.0-linux-x86_64.tar.gz"

[tools.gcloud."platforms.macos-arm64"]
url = "https://storage.googleapis.com/cloud-sdk-release/google-cloud-sdk-565.0.0-darwin-arm.tar.gz"

[tools.gcloud."platforms.macos-x64"]
url = "https://storage.googleapis.com/cloud-sdk-release/google-cloud-sdk-565.0.0-darwin-x86_64.tar.gz"

[tools.gcloud."platforms.windows-x64"]
url = "https://storage.googleapis.com/cloud-sdk-release/google-cloud-sdk-565.0.0-windows-x86_64.zip"

[[tools.gh]]
version = "2.92.0"
backend = "aqua:cli/cli"

[tools.gh."platforms.linux-arm64"]
checksum = "sha256:c2248526dd0160c08d3fccca2332c3c1a07c15a78b23978e77735f1b5a18cfee"
url = "https://github.com/cli/cli/releases/download/v2.92.0/gh_2.92.0_linux_arm64.tar.gz"

[tools.gh."platforms.linux-arm64-musl"]
checksum = "sha256:c2248526dd0160c08d3fccca2332c3c1a07c15a78b23978e77735f1b5a18cfee"
url = "https://github.com/cli/cli/releases/download/v2.92.0/gh_2.92.0_linux_arm64.tar.gz"

[tools.gh."platforms.linux-x64"]
checksum = "sha256:b57848131bdf0c229cd35e1f2a51aa718199858b2e728410b37e89a428943ec4"
url = "https://github.com/cli/cli/releases/download/v2.92.0/gh_2.92.0_linux_amd64.tar.gz"
provenance = "github-attestations"

[tools.gh."platforms.linux-x64-musl"]
checksum = "sha256:b57848131bdf0c229cd35e1f2a51aa718199858b2e728410b37e89a428943ec4"
url = "https://github.com/cli/cli/releases/download/v2.92.0/gh_2.92.0_linux_amd64.tar.gz"

[tools.gh."platforms.macos-arm64"]
checksum = "sha256:b11c54f6bd7d15ed6590475079e5b2fcf36f45d3991a80041b29c9d0cc1f1d07"
url = "https://github.com/cli/cli/releases/download/v2.92.0/gh_2.92.0_macOS_arm64.zip"

[tools.gh."platforms.macos-x64"]
checksum = "sha256:ae9bb327ab0d91071bdada79f8f14034a2a0f19b0e001835a782eafa519d2af0"
url = "https://github.com/cli/cli/releases/download/v2.92.0/gh_2.92.0_macOS_amd64.zip"

[tools.gh."platforms.windows-x64"]
checksum = "sha256:b6a8df3c8c6b9c80f290906387673bc4d272840f3789c5650e0e4e6e75522785"
url = "https://github.com/cli/cli/releases/download/v2.92.0/gh_2.92.0_windows_amd64.zip"

[[tools.neovim]]
version = "0.11.6"
backend = "vfox:mise-plugins/vfox-neovim"

[tools.neovim."platforms.linux-arm64"]
url = "https://github.com/neovim/neovim/releases/download/v0.11.6/nvim-linux-arm64.tar.gz"

[tools.neovim."platforms.linux-arm64-musl"]
url = "https://github.com/neovim/neovim/releases/download/v0.11.6/nvim-linux-arm64.tar.gz"

[tools.neovim."platforms.linux-x64"]
url = "https://github.com/neovim/neovim/releases/download/v0.11.6/nvim-linux-x86_64.tar.gz"

[tools.neovim."platforms.linux-x64-musl"]
url = "https://github.com/neovim/neovim/releases/download/v0.11.6/nvim-linux-x86_64.tar.gz"

[tools.neovim."platforms.macos-arm64"]
url = "https://github.com/neovim/neovim/releases/download/v0.11.6/nvim-macos-arm64.tar.gz"

[tools.neovim."platforms.macos-x64"]
url = "https://github.com/neovim/neovim/releases/download/v0.11.6/nvim-macos-x86_64.tar.gz"

[tools.neovim."platforms.windows-x64"]
url = "https://github.com/neovim/neovim/releases/download/v0.11.6/nvim-win64.zip"

[[tools.node]]
version = "24.15.0"
backend = "core:node"

[tools.node."platforms.linux-arm64"]
checksum = "sha256:73afc234d558c24919875f51c2d1ea002a2ada4ea6f83601a383869fefa64eed"
url = "https://nodejs.org/dist/v24.15.0/node-v24.15.0-linux-arm64.tar.gz"

[tools.node."platforms.linux-arm64-musl"]
checksum = "sha256:73afc234d558c24919875f51c2d1ea002a2ada4ea6f83601a383869fefa64eed"
url = "https://nodejs.org/dist/v24.15.0/node-v24.15.0-linux-arm64.tar.gz"

[tools.node."platforms.linux-x64"]
checksum = "sha256:44836872d9aec49f1e6b52a9a922872db9a2b02d235a616a5681b6a85fec8d89"
url = "https://nodejs.org/dist/v24.15.0/node-v24.15.0-linux-x64.tar.gz"

[tools.node."platforms.linux-x64-musl"]
checksum = "sha256:44836872d9aec49f1e6b52a9a922872db9a2b02d235a616a5681b6a85fec8d89"
url = "https://nodejs.org/dist/v24.15.0/node-v24.15.0-linux-x64.tar.gz"

[tools.node."platforms.macos-arm64"]
checksum = "sha256:372331b969779ab5d15b949884fc6eaf88d5afe87bde8ba881d6400b9100ffc4"
url = "https://nodejs.org/dist/v24.15.0/node-v24.15.0-darwin-arm64.tar.gz"

[tools.node."platforms.macos-x64"]
checksum = "sha256:ffd5ee293467927f3ee731a553eb88fd1f48cf74eebc2d74a6babe4af228673b"
url = "https://nodejs.org/dist/v24.15.0/node-v24.15.0-darwin-x64.tar.gz"

[tools.node."platforms.windows-x64"]
checksum = "sha256:cc5149eabd53779ce1e7bdc5401643622d0c7e6800ade18928a767e940bb0e62"
url = "https://nodejs.org/dist/v24.15.0/node-v24.15.0-win-x64.zip"

[[tools."npm:@devcontainers/cli"]]
version = "0.84.1"
backend = "npm:@devcontainers/cli"

[[tools."npm:@github/copilot"]]
version = "1.0.36"
backend = "npm:@github/copilot"

[[tools."npm:microsandbox"]]
version = "0.4.4"
backend = "npm:microsandbox"

[[tools.opencode]]
version = "1.14.29"
backend = "aqua:anomalyco/opencode"

[tools.opencode."platforms.linux-arm64"]
checksum = "sha256:faedc954ab549235a32f1bf10cb92206dbac58327a85530554e5e02feb28060e"
url = "https://github.com/anomalyco/opencode/releases/download/v1.14.29/opencode-linux-arm64.tar.gz"

[tools.opencode."platforms.linux-arm64-musl"]
checksum = "sha256:faedc954ab549235a32f1bf10cb92206dbac58327a85530554e5e02feb28060e"
url = "https://github.com/anomalyco/opencode/releases/download/v1.14.29/opencode-linux-arm64.tar.gz"

[tools.opencode."platforms.linux-x64"]
checksum = "sha256:d985e99d7e22446b78fc78a35cfa0ef8b0feff05be5288c4a0e1c6837b7a29f8"
url = "https://github.com/anomalyco/opencode/releases/download/v1.14.29/opencode-linux-x64.tar.gz"

[tools.opencode."platforms.linux-x64-musl"]
checksum = "sha256:d985e99d7e22446b78fc78a35cfa0ef8b0feff05be5288c4a0e1c6837b7a29f8"
url = "https://github.com/anomalyco/opencode/releases/download/v1.14.29/opencode-linux-x64.tar.gz"

[tools.opencode."platforms.macos-arm64"]
checksum = "sha256:39c483fe12cffe07bfc050d59df534ca1b5d29d9232da237586f1b6a2ef1c7e1"
url = "https://github.com/anomalyco/opencode/releases/download/v1.14.29/opencode-darwin-arm64.zip"

[tools.opencode."platforms.macos-x64"]
checksum = "sha256:60d1c577998e5171183d55bf91e3bc699d5d91ab9998985d82240c87e2f30fec"
url = "https://github.com/anomalyco/opencode/releases/download/v1.14.29/opencode-darwin-x64.zip"

[tools.opencode."platforms.windows-x64"]
checksum = "sha256:87eb937a420708d2e424af2f8afaf3e4005ce0b95eb9d2e85be26c015d94591a"
url = "https://github.com/anomalyco/opencode/releases/download/v1.14.29/opencode-windows-x64.zip"

[[tools.pipx]]
version = "1.8.0"
backend = "aqua:pypa/pipx"

[tools.pipx."platforms.linux-arm64"]
checksum = "sha256:b9eabd835dffe0677e36bd99416fc9837c592bd8c079235379bed3dfe043c601"
url = "https://github.com/pypa/pipx/releases/download/1.8.0/pipx.pyz"

[tools.pipx."platforms.linux-arm64-musl"]
checksum = "sha256:b9eabd835dffe0677e36bd99416fc9837c592bd8c079235379bed3dfe043c601"
url = "https://github.com/pypa/pipx/releases/download/1.8.0/pipx.pyz"

[tools.pipx."platforms.linux-x64"]
checksum = "sha256:b9eabd835dffe0677e36bd99416fc9837c592bd8c079235379bed3dfe043c601"
url = "https://github.com/pypa/pipx/releases/download/1.8.0/pipx.pyz"

[tools.pipx."platforms.linux-x64-musl"]
checksum = "sha256:b9eabd835dffe0677e36bd99416fc9837c592bd8c079235379bed3dfe043c601"
url = "https://github.com/pypa/pipx/releases/download/1.8.0/pipx.pyz"

[tools.pipx."platforms.macos-arm64"]
checksum = "sha256:b9eabd835dffe0677e36bd99416fc9837c592bd8c079235379bed3dfe043c601"
url = "https://github.com/pypa/pipx/releases/download/1.8.0/pipx.pyz"

[tools.pipx."platforms.macos-x64"]
checksum = "sha256:b9eabd835dffe0677e36bd99416fc9837c592bd8c079235379bed3dfe043c601"
url = "https://github.com/pypa/pipx/releases/download/1.8.0/pipx.pyz"

[[tools."pipx:git-filter-repo"]]
version = "2.47.0"
backend = "pipx:git-filter-repo"

[[tools.python]]
version = "3.14.4"
backend = "core:python"

[tools.python."platforms.linux-arm64"]
checksum = "sha256:b8b597fdb2f8dccdc502c11947b60a4b65eb6bce79cfa60c7ccf9b6e8352c60a"
url = "https://github.com/astral-sh/python-build-standalone/releases/download/20260414/cpython-3.14.4+20260414-aarch64-unknown-linux-gnu-install_only_stripped.tar.gz"

[tools.python."platforms.linux-arm64-musl"]
checksum = "sha256:b8b597fdb2f8dccdc502c11947b60a4b65eb6bce79cfa60c7ccf9b6e8352c60a"
url = "https://github.com/astral-sh/python-build-standalone/releases/download/20260414/cpython-3.14.4+20260414-aarch64-unknown-linux-gnu-install_only_stripped.tar.gz"

[tools.python."platforms.linux-x64"]
checksum = "sha256:fe9a9c32d13870af632cbac3dfc7528ae53597e94472aa4c7d6a42e8166136cd"
url = "https://github.com/astral-sh/python-build-standalone/releases/download/20260414/cpython-3.14.4+20260414-x86_64-unknown-linux-gnu-install_only_stripped.tar.gz"

[tools.python."platforms.linux-x64-musl"]
checksum = "sha256:fe9a9c32d13870af632cbac3dfc7528ae53597e94472aa4c7d6a42e8166136cd"
url = "https://github.com/astral-sh/python-build-standalone/releases/download/20260414/cpython-3.14.4+20260414-x86_64-unknown-linux-gnu-install_only_stripped.tar.gz"

[tools.python."platforms.macos-arm64"]
checksum = "sha256:6f304f4ec30854611f23316578302235fb517cd970519ecdd11a8c4db87fd843"
url = "https://github.com/astral-sh/python-build-standalone/releases/download/20260414/cpython-3.14.4+20260414-aarch64-apple-darwin-install_only_stripped.tar.gz"

[tools.python."platforms.macos-x64"]
checksum = "sha256:d51250a32fa5d9f0799c7bcb71720c27b10a3afd4a7de288120f96085d508a5a"
url = "https://github.com/astral-sh/python-build-standalone/releases/download/20260414/cpython-3.14.4+20260414-x86_64-apple-darwin-install_only_stripped.tar.gz"

[tools.python."platforms.windows-x64"]
checksum = "sha256:a976991dcd085c1bb5d9a8084823a6bc8b7f9b079d8c432574a6ddd68c3a6fe1"
url = "https://github.com/astral-sh/python-build-standalone/releases/download/20260414/cpython-3.14.4+20260414-x86_64-pc-windows-msvc-install_only_stripped.tar.gz"

[[tools.syft]]
version = "1.42.3"
backend = "aqua:anchore/syft"

[tools.syft."platforms.linux-arm64"]
checksum = "sha256:dc630590c953347789d08f8ebf57c7d8094db89100785fcd94b1cddeac791804"
url = "https://github.com/anchore/syft/releases/download/v1.42.3/syft_1.42.3_linux_arm64.tar.gz"

[tools.syft."platforms.linux-arm64-musl"]
checksum = "sha256:dc630590c953347789d08f8ebf57c7d8094db89100785fcd94b1cddeac791804"
url = "https://github.com/anchore/syft/releases/download/v1.42.3/syft_1.42.3_linux_arm64.tar.gz"

[tools.syft."platforms.linux-x64"]
checksum = "sha256:0d6be741479eddd2c8644a288990c04f3df0d609bbc1599a005532a9dff63509"
url = "https://github.com/anchore/syft/releases/download/v1.42.3/syft_1.42.3_linux_amd64.tar.gz"

[tools.syft."platforms.linux-x64-musl"]
checksum = "sha256:0d6be741479eddd2c8644a288990c04f3df0d609bbc1599a005532a9dff63509"
url = "https://github.com/anchore/syft/releases/download/v1.42.3/syft_1.42.3_linux_amd64.tar.gz"

[tools.syft."platforms.macos-arm64"]
checksum = "sha256:d71ee7db2be0fe2e96f679fd9d69ef04274cc86c8604707797080a21070b3f32"
url = "https://github.com/anchore/syft/releases/download/v1.42.3/syft_1.42.3_darwin_arm64.tar.gz"

[tools.syft."platforms.macos-x64"]
checksum = "sha256:c00d01b7c43504708c8922d643d1cbaefa62ca8876baa4d2c2cf4c3be43707a9"
url = "https://github.com/anchore/syft/releases/download/v1.42.3/syft_1.42.3_darwin_amd64.tar.gz"

[tools.syft."platforms.windows-x64"]
checksum = "sha256:e1b9f4945aa64c2b34970bec617623d7f803d0661b48a50b966768b363322e2d"
url = "https://github.com/anchore/syft/releases/download/v1.42.3/syft_1.42.3_windows_amd64.zip"

[[tools.uv]]
version = "0.10.10"
backend = "aqua:astral-sh/uv"

[tools.uv."platforms.linux-arm64"]
checksum = "sha256:d08c08b82cdcaf2bd3d928ffe844d3558dda53f90066db6ef9174157cc763252"
url = "https://github.com/astral-sh/uv/releases/download/0.10.10/uv-aarch64-unknown-linux-musl.tar.gz"

[tools.uv."platforms.linux-arm64-musl"]
checksum = "sha256:d08c08b82cdcaf2bd3d928ffe844d3558dda53f90066db6ef9174157cc763252"
url = "https://github.com/astral-sh/uv/releases/download/0.10.10/uv-aarch64-unknown-linux-musl.tar.gz"

[tools.uv."platforms.linux-x64"]
checksum = "sha256:74544e8755fbc27559e22e29fd561bdc48f91b8bd8323e760a1130f32433bea4"
url = "https://github.com/astral-sh/uv/releases/download/0.10.10/uv-x86_64-unknown-linux-musl.tar.gz"
provenance = "github-attestations"

[tools.uv."platforms.linux-x64-musl"]
checksum = "sha256:74544e8755fbc27559e22e29fd561bdc48f91b8bd8323e760a1130f32433bea4"
url = "https://github.com/astral-sh/uv/releases/download/0.10.10/uv-x86_64-unknown-linux-musl.tar.gz"

[tools.uv."platforms.macos-arm64"]
checksum = "sha256:8a09f0ef51ee7f7170731b4cb8bde5bf9ba6da5304f49a7df6cdab42a1f37b5d"
url = "https://github.com/astral-sh/uv/releases/download/0.10.10/uv-aarch64-apple-darwin.tar.gz"

[tools.uv."platforms.macos-x64"]
checksum = "sha256:dd18420591d625f9b4ca2b57a7a6fe3cce43910f02e02d90e47a4101428de14a"
url = "https://github.com/astral-sh/uv/releases/download/0.10.10/uv-x86_64-apple-darwin.tar.gz"

[tools.uv."platforms.windows-x64"]
checksum = "sha256:d31a30f1dfb96e630a08d5a9b3f3f551254b7ed6e9b7e495f46a4232661c7252"
url = "https://github.com/astral-sh/uv/releases/download/0.10.10/uv-x86_64-pc-windows-msvc.zip"
