# @generated - this file is auto-generated by `mise lock` https://mise.jdx.dev/dev-tools/mise-lock.html

[[tools.neovim]]
version = "0.11.6"
backend = "vfox:mise-plugins/vfox-neovim"

[[tools.node]]
version = "24.14.0"
backend = "core:node"

[tools.node."platforms.linux-arm64"]
checksum = "sha256:f44740cd218de8127f1c44c41510a3a740fa5c9c8d1cdce1c3bedada79f3cde7"
url = "https://nodejs.org/dist/v24.14.0/node-v24.14.0-linux-arm64.tar.gz"

[tools.node."platforms.linux-arm64-musl"]
checksum = "sha256:f44740cd218de8127f1c44c41510a3a740fa5c9c8d1cdce1c3bedada79f3cde7"
url = "https://nodejs.org/dist/v24.14.0/node-v24.14.0-linux-arm64.tar.gz"

[tools.node."platforms.linux-x64"]
checksum = "sha256:dbf5b8665dec15e59e6359a517fefb47b23fdb9152d8def975b9bca3dfc6d355"
url = "https://nodejs.org/dist/v24.14.0/node-v24.14.0-linux-x64.tar.gz"

[tools.node."platforms.linux-x64-musl"]
checksum = "sha256:dbf5b8665dec15e59e6359a517fefb47b23fdb9152d8def975b9bca3dfc6d355"
url = "https://nodejs.org/dist/v24.14.0/node-v24.14.0-linux-x64.tar.gz"

[tools.node."platforms.macos-arm64"]
checksum = "sha256:a1a54f46a750d2523d628d924aab61758a51c9dad3e0238beb14141be9615dd3"
url = "https://nodejs.org/dist/v24.14.0/node-v24.14.0-darwin-arm64.tar.gz"

[tools.node."platforms.macos-x64"]
checksum = "sha256:f2879eb810e25993a0578e5d878930266fd2eafcffe9f2839b3d8db354d4879e"
url = "https://nodejs.org/dist/v24.14.0/node-v24.14.0-darwin-x64.tar.gz"

[tools.node."platforms.windows-x64"]
checksum = "sha256:313fa40c0d7b18575821de8cb17483031fe07d95de5994f6f435f3b345f85c66"
url = "https://nodejs.org/dist/v24.14.0/node-v24.14.0-win-x64.zip"

[[tools."npm:@devcontainers/cli"]]
version = "0.84.1"
backend = "npm:@devcontainers/cli"

[[tools."npm:@github/copilot"]]
version = "1.0.3"
backend = "npm:@github/copilot"

[[tools.pipx]]
version = "1.8.0"
backend = "aqua:pypa/pipx"

[tools.pipx."platforms.linux-arm64"]
checksum = "sha256:b9eabd835dffe0677e36bd99416fc9837c592bd8c079235379bed3dfe043c601"
url = "https://github.com/pypa/pipx/releases/download/1.8.0/pipx.pyz"

[tools.pipx."platforms.linux-arm64-musl"]
checksum = "sha256:b9eabd835dffe0677e36bd99416fc9837c592bd8c079235379bed3dfe043c601"
url = "https://github.com/pypa/pipx/releases/download/1.8.0/pipx.pyz"

[tools.pipx."platforms.linux-x64"]
checksum = "sha256:b9eabd835dffe0677e36bd99416fc9837c592bd8c079235379bed3dfe043c601"
url = "https://github.com/pypa/pipx/releases/download/1.8.0/pipx.pyz"

[tools.pipx."platforms.linux-x64-musl"]
checksum = "sha256:b9eabd835dffe0677e36bd99416fc9837c592bd8c079235379bed3dfe043c601"
url = "https://github.com/pypa/pipx/releases/download/1.8.0/pipx.pyz"

[tools.pipx."platforms.macos-arm64"]
checksum = "sha256:b9eabd835dffe0677e36bd99416fc9837c592bd8c079235379bed3dfe043c601"
url = "https://github.com/pypa/pipx/releases/download/1.8.0/pipx.pyz"

[tools.pipx."platforms.macos-x64"]
checksum = "sha256:b9eabd835dffe0677e36bd99416fc9837c592bd8c079235379bed3dfe043c601"
url = "https://github.com/pypa/pipx/releases/download/1.8.0/pipx.pyz"

[[tools."pipx:git-filter-repo"]]
version = "2.47.0"
backend = "pipx:git-filter-repo"

[[tools.python]]
version = "3.14.3"
backend = "core:python"

[tools.python."platforms.linux-arm64"]
checksum = "sha256:89e2cfba1b1ca974a8d2b7aa054d8c32a9301b1168fde2bf1c9a5270488c018f"
url = "https://github.com/astral-sh/python-build-standalone/releases/download/20260310/cpython-3.14.3+20260310-aarch64-unknown-linux-gnu-install_only_stripped.tar.gz"

[tools.python."platforms.linux-arm64-musl"]
checksum = "sha256:89e2cfba1b1ca974a8d2b7aa054d8c32a9301b1168fde2bf1c9a5270488c018f"
url = "https://github.com/astral-sh/python-build-standalone/releases/download/20260310/cpython-3.14.3+20260310-aarch64-unknown-linux-gnu-install_only_stripped.tar.gz"

[tools.python."platforms.linux-x64"]
checksum = "sha256:0023aa5e9930a70585e1b639055f4928f76080b2e1dcc2458453b595155a50ee"
url = "https://github.com/astral-sh/python-build-standalone/releases/download/20260310/cpython-3.14.3+20260310-x86_64-unknown-linux-gnu-install_only_stripped.tar.gz"

[tools.python."platforms.linux-x64-musl"]
checksum = "sha256:0023aa5e9930a70585e1b639055f4928f76080b2e1dcc2458453b595155a50ee"
url = "https://github.com/astral-sh/python-build-standalone/releases/download/20260310/cpython-3.14.3+20260310-x86_64-unknown-linux-gnu-install_only_stripped.tar.gz"

[tools.python."platforms.macos-arm64"]
checksum = "sha256:1a98bbe7e63547d2f764bc9119f6d604dfb333f21afab5f4885dc362b4f3a921"
url = "https://github.com/astral-sh/python-build-standalone/releases/download/20260310/cpython-3.14.3+20260310-aarch64-apple-darwin-install_only_stripped.tar.gz"

[tools.python."platforms.macos-x64"]
checksum = "sha256:a974fefb14c2b724ca87830240d36fc865780391ec9e1e2db28a1d5f58f5fae2"
url = "https://github.com/astral-sh/python-build-standalone/releases/download/20260310/cpython-3.14.3+20260310-x86_64-apple-darwin-install_only_stripped.tar.gz"

[tools.python."platforms.windows-x64"]
checksum = "sha256:8458fdf45b9b47685a7dea76d72a4b8cf946091fe48cac43d3564f7f318e8c0f"
url = "https://github.com/astral-sh/python-build-standalone/releases/download/20260310/cpython-3.14.3+20260310-x86_64-pc-windows-msvc-install_only_stripped.tar.gz"

[[tools.uv]]
version = "0.10.10"
backend = "aqua:astral-sh/uv"

[tools.uv."platforms.linux-arm64"]
checksum = "sha256:d08c08b82cdcaf2bd3d928ffe844d3558dda53f90066db6ef9174157cc763252"
url = "https://github.com/astral-sh/uv/releases/download/0.10.10/uv-aarch64-unknown-linux-musl.tar.gz"

[tools.uv."platforms.linux-arm64-musl"]
checksum = "sha256:d08c08b82cdcaf2bd3d928ffe844d3558dda53f90066db6ef9174157cc763252"
url = "https://github.com/astral-sh/uv/releases/download/0.10.10/uv-aarch64-unknown-linux-musl.tar.gz"

[tools.uv."platforms.linux-x64"]
checksum = "sha256:74544e8755fbc27559e22e29fd561bdc48f91b8bd8323e760a1130f32433bea4"
url = "https://github.com/astral-sh/uv/releases/download/0.10.10/uv-x86_64-unknown-linux-musl.tar.gz"
provenance = "github-attestations"

[tools.uv."platforms.linux-x64-musl"]
checksum = "sha256:74544e8755fbc27559e22e29fd561bdc48f91b8bd8323e760a1130f32433bea4"
url = "https://github.com/astral-sh/uv/releases/download/0.10.10/uv-x86_64-unknown-linux-musl.tar.gz"

[tools.uv."platforms.macos-arm64"]
checksum = "sha256:8a09f0ef51ee7f7170731b4cb8bde5bf9ba6da5304f49a7df6cdab42a1f37b5d"
url = "https://github.com/astral-sh/uv/releases/download/0.10.10/uv-aarch64-apple-darwin.tar.gz"

[tools.uv."platforms.macos-x64"]
checksum = "sha256:dd18420591d625f9b4ca2b57a7a6fe3cce43910f02e02d90e47a4101428de14a"
url = "https://github.com/astral-sh/uv/releases/download/0.10.10/uv-x86_64-apple-darwin.tar.gz"

[tools.uv."platforms.windows-x64"]
checksum = "sha256:d31a30f1dfb96e630a08d5a9b3f3f551254b7ed6e9b7e495f46a4232661c7252"
url = "https://github.com/astral-sh/uv/releases/download/0.10.10/uv-x86_64-pc-windows-msvc.zip"
